
Microsoft Visual Studio Solution File, Format Version 12.00
# Visual Studio 15
VisualStudioVersion = 15.0.28010.2036
MinimumVisualStudioVersion = 10.0.40219.1
Project("{8BC9CEB8-8B4A-11D0-8D11-00A0C91BC942}") = "FontDialog", "FontDialog\FontDialog.vcxproj", "{C9ED38BA-0E79-4154-B3DD-B82CC114FAC4}"
EndProject
Global
	GlobalSection(SolutionConfigurationPlatforms) = preSolution
		Debug|x64 = Debug|x64
		Debug|x86 = Debug|x86
		Release|x64 = Release|x64
		Release|x86 = Release|x86
	EndGlobalSection
	GlobalSection(ProjectConfigurationPlatforms) = postSolution
		{C9ED38BA-0E79-4154-B3DD-B82CC114FAC4}.Debug|x64.ActiveCfg = Debug|x64
		{C9ED38BA-0E79-4154-B3DD-B82CC114FAC4}.Debug|x64.Build.0 = Debug|x64
		{C9ED38BA-0E79-4154-B3DD-B82CC114FAC4}.Debug|x86.ActiveCfg = Debug|Win32
		{C9ED38BA-0E79-4154-B3DD-B82CC114FAC4}.Debug|x86.Build.0 = Debug|Win32
		{C9ED38BA-0E79-4154-B3DD-B82CC114FAC4}.Release|x64.ActiveCfg = Release|x64
		{C9ED38BA-0E79-4154-B3DD-B82CC114FAC4}.Release|x64.Build.0 = Release|x64
		{C9ED38BA-0E79-4154-B3DD-B82CC114FAC4}.Release|x86.ActiveCfg = Release|Win32
		{C9ED38BA-0E79-4154-B3DD-B82CC114FAC4}.Release|x86.Build.0 = Release|Win32
	EndGlobalSection
	GlobalSection(SolutionProperties) = preSolution
		HideSolutionNode = FALSE
	EndGlobalSection
	GlobalSection(ExtensibilityGlobals) = postSolution
		SolutionGuid = {A997E864-675F-42E4-BA6D-EB9781820F0A}
	EndGlobalSection
EndGlobal
